// !$*UTF8*$!
{
	archiveVersion = 1;
	classes = {
	};
	objectVersion = 55;
	objects = {

/* Begin PBXBuildFile section */
		02373CFD276D74820026DE71 /* p15649.swift in Sources */ = {isa = PBXBuildFile; fileRef = 02373CFC276D74820026DE71 /* p15649.swift */; };
		023A984827B806FB00117DA2 /* p10828.swift in Sources */ = {isa = PBXBuildFile; fileRef = 023A984727B806FB00117DA2 /* p10828.swift */; };
		023A984A27B807C100117DA2 /* p9012.swift in Sources */ = {isa = PBXBuildFile; fileRef = 023A984927B807C100117DA2 /* p9012.swift */; };
		023D91FB275B34F1008A65DA /* main.swift in Sources */ = {isa = PBXBuildFile; fileRef = 023D91FA275B34F1008A65DA /* main.swift */; };
		023D9204275B35C7008A65DA /* p1000.swift in Sources */ = {isa = PBXBuildFile; fileRef = 023D9203275B35C7008A65DA /* p1000.swift */; };
		023D9207275B3886008A65DA /* p1008.swift in Sources */ = {isa = PBXBuildFile; fileRef = 023D9206275B3886008A65DA /* p1008.swift */; };
		023D9209275B3901008A65DA /* p2438.swift in Sources */ = {isa = PBXBuildFile; fileRef = 023D9208275B3901008A65DA /* p2438.swift */; };
		023D920C275B39A0008A65DA /* p2920.swift in Sources */ = {isa = PBXBuildFile; fileRef = 023D920B275B39A0008A65DA /* p2920.swift */; };
		023D920E275B3A62008A65DA /* p8958.swift in Sources */ = {isa = PBXBuildFile; fileRef = 023D920D275B3A61008A65DA /* p8958.swift */; };
		023D9210275B3AD7008A65DA /* p11654.swift in Sources */ = {isa = PBXBuildFile; fileRef = 023D920F275B3AD7008A65DA /* p11654.swift */; };
		02615D992785269600B21B44 /* p1009.swift in Sources */ = {isa = PBXBuildFile; fileRef = 02615D982785269600B21B44 /* p1009.swift */; };
		02615D9B27852F5400B21B44 /* p1076.swift in Sources */ = {isa = PBXBuildFile; fileRef = 02615D9A27852F5400B21B44 /* p1076.swift */; };
		02615D9D2785375A00B21B44 /* p1052.swift in Sources */ = {isa = PBXBuildFile; fileRef = 02615D9C2785375A00B21B44 /* p1052.swift */; };
		02615DA12785647F00B21B44 /* p10757.swift in Sources */ = {isa = PBXBuildFile; fileRef = 02615DA02785647F00B21B44 /* p10757.swift */; };
		02615DA327856F0500B21B44 /* p10757-2.swift in Sources */ = {isa = PBXBuildFile; fileRef = 02615DA227856F0500B21B44 /* p10757-2.swift */; };
		027D876B277D99D600E1F53C /* p1436.swift in Sources */ = {isa = PBXBuildFile; fileRef = 027D876A277D99D600E1F53C /* p1436.swift */; };
		027D876D277DA35500E1F53C /* p2750.swift in Sources */ = {isa = PBXBuildFile; fileRef = 027D876C277DA35500E1F53C /* p2750.swift */; };
		0283F7B127B95222006646D3 /* p10773.swift in Sources */ = {isa = PBXBuildFile; fileRef = 0283F7B027B95222006646D3 /* p10773.swift */; };
		02B8E541277D72B7004340EC /* p2798.swift in Sources */ = {isa = PBXBuildFile; fileRef = 02B8E540277D72B7004340EC /* p2798.swift */; };
/* End PBXBuildFile section */

/* Begin PBXCopyFilesBuildPhase section */
		023D91F5275B34F1008A65DA /* CopyFiles */ = {
			isa = PBXCopyFilesBuildPhase;
			buildActionMask = 2147483647;
			dstPath = /usr/share/man/man1/;
			dstSubfolderSpec = 0;
			files = (
			);
			runOnlyForDeploymentPostprocessing = 1;
		};
/* End PBXCopyFilesBuildPhase section */

/* Begin PBXFileReference section */
		02373CFC276D74820026DE71 /* p15649.swift */ = {isa = PBXFileReference; lastKnownFileType = sourcecode.swift; path = p15649.swift; sourceTree = "<group>"; };
		023A984727B806FB00117DA2 /* p10828.swift */ = {isa = PBXFileReference; lastKnownFileType = sourcecode.swift; path = p10828.swift; sourceTree = "<group>"; };
		023A984927B807C100117DA2 /* p9012.swift */ = {isa = PBXFileReference; lastKnownFileType = sourcecode.swift; path = p9012.swift; sourceTree = "<group>"; };
		023D91F7275B34F1008A65DA /* Baekjoon */ = {isa = PBXFileReference; explicitFileType = "compiled.mach-o.executable"; includeInIndex = 0; path = Baekjoon; sourceTree = BUILT_PRODUCTS_DIR; };
		023D91FA275B34F1008A65DA /* main.swift */ = {isa = PBXFileReference; lastKnownFileType = sourcecode.swift; path = main.swift; sourceTree = "<group>"; };
		023D9203275B35C7008A65DA /* p1000.swift */ = {isa = PBXFileReference; lastKnownFileType = sourcecode.swift; path = p1000.swift; sourceTree = "<group>"; };
		023D9205275B370A008A65DA /* README.md */ = {isa = PBXFileReference; lastKnownFileType = net.daringfireball.markdown; path = README.md; sourceTree = "<group>"; };
		023D9206275B3886008A65DA /* p1008.swift */ = {isa = PBXFileReference; lastKnownFileType = sourcecode.swift; path = p1008.swift; sourceTree = "<group>"; };
		023D9208275B3901008A65DA /* p2438.swift */ = {isa = PBXFileReference; lastKnownFileType = sourcecode.swift; path = p2438.swift; sourceTree = "<group>"; };
		023D920B275B39A0008A65DA /* p2920.swift */ = {isa = PBXFileReference; lastKnownFileType = sourcecode.swift; path = p2920.swift; sourceTree = "<group>"; };
		023D920D275B3A61008A65DA /* p8958.swift */ = {isa = PBXFileReference; lastKnownFileType = sourcecode.swift; path = p8958.swift; sourceTree = "<group>"; };
		023D920F275B3AD7008A65DA /* p11654.swift */ = {isa = PBXFileReference; lastKnownFileType = sourcecode.swift; path = p11654.swift; sourceTree = "<group>"; };
		02615D982785269600B21B44 /* p1009.swift */ = {isa = PBXFileReference; lastKnownFileType = sourcecode.swift; path = p1009.swift; sourceTree = "<group>"; };
		02615D9A27852F5400B21B44 /* p1076.swift */ = {isa = PBXFileReference; lastKnownFileType = sourcecode.swift; path = p1076.swift; sourceTree = "<group>"; };
		02615D9C2785375A00B21B44 /* p1052.swift */ = {isa = PBXFileReference; lastKnownFileType = sourcecode.swift; path = p1052.swift; sourceTree = "<group>"; };
		02615DA02785647F00B21B44 /* p10757.swift */ = {isa = PBXFileReference; lastKnownFileType = sourcecode.swift; path = p10757.swift; sourceTree = "<group>"; };
		02615DA227856F0500B21B44 /* p10757-2.swift */ = {isa = PBXFileReference; lastKnownFileType = sourcecode.swift; path = "p10757-2.swift"; sourceTree = "<group>"; };
		027D876A277D99D600E1F53C /* p1436.swift */ = {isa = PBXFileReference; lastKnownFileType = sourcecode.swift; path = p1436.swift; sourceTree = "<group>"; };
		027D876C277DA35500E1F53C /* p2750.swift */ = {isa = PBXFileReference; lastKnownFileType = sourcecode.swift; path = p2750.swift; sourceTree = "<group>"; };
		0283F7B027B95222006646D3 /* p10773.swift */ = {isa = PBXFileReference; lastKnownFileType = sourcecode.swift; path = p10773.swift; sourceTree = "<group>"; };
		02B8E540277D72B7004340EC /* p2798.swift */ = {isa = PBXFileReference; lastKnownFileType = sourcecode.swift; path = p2798.swift; sourceTree = "<group>"; };
/* End PBXFileReference section */

/* Begin PBXFrameworksBuildPhase section */
		023D91F4275B34F1008A65DA /* Frameworks */ = {
			isa = PBXFrameworksBuildPhase;
			buildActionMask = 2147483647;
			files = (
			);
			runOnlyForDeploymentPostprocessing = 0;
		};
/* End PBXFrameworksBuildPhase section */

/* Begin PBXGroup section */
		023D91EE275B34F1008A65DA = {
			isa = PBXGroup;
			children = (
				023D9205275B370A008A65DA /* README.md */,
				023D91F9275B34F1008A65DA /* Baekjoon */,
				023D91F8275B34F1008A65DA /* Products */,
			);
			sourceTree = "<group>";
		};
		023D91F8275B34F1008A65DA /* Products */ = {
			isa = PBXGroup;
			children = (
				023D91F7275B34F1008A65DA /* Baekjoon */,
			);
			name = Products;
			sourceTree = "<group>";
		};
		023D91F9275B34F1008A65DA /* Baekjoon */ = {
			isa = PBXGroup;
			children = (
				023D91FA275B34F1008A65DA /* main.swift */,
				023D9203275B35C7008A65DA /* p1000.swift */,
				023D9206275B3886008A65DA /* p1008.swift */,
				023D9208275B3901008A65DA /* p2438.swift */,
				023D920B275B39A0008A65DA /* p2920.swift */,
				023D920D275B3A61008A65DA /* p8958.swift */,
				023D920F275B3AD7008A65DA /* p11654.swift */,
				02373CFC276D74820026DE71 /* p15649.swift */,
				02B8E540277D72B7004340EC /* p2798.swift */,
				027D876A277D99D600E1F53C /* p1436.swift */,
				027D876C277DA35500E1F53C /* p2750.swift */,
				02615D982785269600B21B44 /* p1009.swift */,
				02615D9A27852F5400B21B44 /* p1076.swift */,
				02615D9C2785375A00B21B44 /* p1052.swift */,
				02615DA02785647F00B21B44 /* p10757.swift */,
				02615DA227856F0500B21B44 /* p10757-2.swift */,
				023A984727B806FB00117DA2 /* p10828.swift */,
				023A984927B807C100117DA2 /* p9012.swift */,
				0283F7B027B95222006646D3 /* p10773.swift */,
			);
			path = Baekjoon;
			sourceTree = "<group>";
		};
/* End PBXGroup section */

/* Begin PBXNativeTarget section */
		023D91F6275B34F1008A65DA /* Baekjoon */ = {
			isa = PBXNativeTarget;
			buildConfigurationList = 023D91FE275B34F1008A65DA /* Build configuration list for PBXNativeTarget "Baekjoon" */;
			buildPhases = (
				023D91F3275B34F1008A65DA /* Sources */,
				023D91F4275B34F1008A65DA /* Frameworks */,
				023D91F5275B34F1008A65DA /* CopyFiles */,
			);
			buildRules = (
			);
			dependencies = (
			);
			name = Baekjoon;
			productName = Baekjoon;
			productReference = 023D91F7275B34F1008A65DA /* Baekjoon */;
			productType = "com.apple.product-type.tool";
		};
/* End PBXNativeTarget section */

/* Begin PBXProject section */
		023D91EF275B34F1008A65DA /* Project object */ = {
			isa = PBXProject;
			attributes = {
				BuildIndependentTargetsInParallel = 1;
				LastSwiftUpdateCheck = 1310;
				LastUpgradeCheck = 1320;
				TargetAttributes = {
					023D91F6275B34F1008A65DA = {
						CreatedOnToolsVersion = 13.1;
					};
				};
			};
			buildConfigurationList = 023D91F2275B34F1008A65DA /* Build configuration list for PBXProject "Baekjoon" */;
			compatibilityVersion = "Xcode 13.0";
			developmentRegion = en;
			hasScannedForEncodings = 0;
			knownRegions = (
				en,
				Base,
			);
			mainGroup = 023D91EE275B34F1008A65DA;
			productRefGroup = 023D91F8275B34F1008A65DA /* Products */;
			projectDirPath = "";
			projectRoot = "";
			targets = (
				023D91F6275B34F1008A65DA /* Baekjoon */,
			);
		};
/* End PBXProject section */

/* Begin PBXSourcesBuildPhase section */
		023D91F3275B34F1008A65DA /* Sources */ = {
			isa = PBXSourcesBuildPhase;
			buildActionMask = 2147483647;
			files = (
				027D876B277D99D600E1F53C /* p1436.swift in Sources */,
				02615DA12785647F00B21B44 /* p10757.swift in Sources */,
				02373CFD276D74820026DE71 /* p15649.swift in Sources */,
				023D920E275B3A62008A65DA /* p8958.swift in Sources */,
				02B8E541277D72B7004340EC /* p2798.swift in Sources */,
				02615D992785269600B21B44 /* p1009.swift in Sources */,
				023D91FB275B34F1008A65DA /* main.swift in Sources */,
				023D9207275B3886008A65DA /* p1008.swift in Sources */,
				023D9204275B35C7008A65DA /* p1000.swift in Sources */,
				023D9209275B3901008A65DA /* p2438.swift in Sources */,
				023D9210275B3AD7008A65DA /* p11654.swift in Sources */,
				02615D9D2785375A00B21B44 /* p1052.swift in Sources */,
				02615DA327856F0500B21B44 /* p10757-2.swift in Sources */,
				023A984827B806FB00117DA2 /* p10828.swift in Sources */,
				023D920C275B39A0008A65DA /* p2920.swift in Sources */,
				027D876D277DA35500E1F53C /* p2750.swift in Sources */,
				023A984A27B807C100117DA2 /* p9012.swift in Sources */,
				02615D9B27852F5400B21B44 /* p1076.swift in Sources */,
				0283F7B127B95222006646D3 /* p10773.swift in Sources */,
			);
			runOnlyForDeploymentPostprocessing = 0;
		};
/* End PBXSourcesBuildPhase section */

/* Begin XCBuildConfiguration section */
		023D91FC275B34F1008A65DA /* Debug */ = {
			isa = XCBuildConfiguration;
			buildSettings = {
				ALWAYS_SEARCH_USER_PATHS = NO;
				CLANG_ANALYZER_NONNULL = YES;
				CLANG_ANALYZER_NUMBER_OBJECT_CONVERSION = YES_AGGRESSIVE;
				CLANG_CXX_LANGUAGE_STANDARD = "gnu++17";
				CLANG_CXX_LIBRARY = "libc++";
				CLANG_ENABLE_MODULES = YES;
				CLANG_ENABLE_OBJC_ARC = YES;
				CLANG_ENABLE_OBJC_WEAK = YES;
				CLANG_WARN_BLOCK_CAPTURE_AUTORELEASING = YES;
				CLANG_WARN_BOOL_CONVERSION = YES;
				CLANG_WARN_COMMA = YES;
				CLANG_WARN_CONSTANT_CONVERSION = YES;
				CLANG_WARN_DEPRECATED_OBJC_IMPLEMENTATIONS = YES;
				CLANG_WARN_DIRECT_OBJC_ISA_USAGE = YES_ERROR;
				CLANG_WARN_DOCUMENTATION_COMMENTS = YES;
				CLANG_WARN_EMPTY_BODY = YES;
				CLANG_WARN_ENUM_CONVERSION = YES;
				CLANG_WARN_INFINITE_RECURSION = YES;
				CLANG_WARN_INT_CONVERSION = YES;
				CLANG_WARN_NON_LITERAL_NULL_CONVERSION = YES;
				CLANG_WARN_OBJC_IMPLICIT_RETAIN_SELF = YES;
				CLANG_WARN_OBJC_LITERAL_CONVERSION = YES;
				CLANG_WARN_OBJC_ROOT_CLASS = YES_ERROR;
				CLANG_WARN_QUOTED_INCLUDE_IN_FRAMEWORK_HEADER = YES;
				CLANG_WARN_RANGE_LOOP_ANALYSIS = YES;
				CLANG_WARN_STRICT_PROTOTYPES = YES;
				CLANG_WARN_SUSPICIOUS_MOVE = YES;
				CLANG_WARN_UNGUARDED_AVAILABILITY = YES_AGGRESSIVE;
				CLANG_WARN_UNREACHABLE_CODE = YES;
				CLANG_WARN__DUPLICATE_METHOD_MATCH = YES;
				COPY_PHASE_STRIP = NO;
				DEBUG_INFORMATION_FORMAT = dwarf;
				ENABLE_STRICT_OBJC_MSGSEND = YES;
				ENABLE_TESTABILITY = YES;
				GCC_C_LANGUAGE_STANDARD = gnu11;
				GCC_DYNAMIC_NO_PIC = NO;
				GCC_NO_COMMON_BLOCKS = YES;
				GCC_OPTIMIZATION_LEVEL = 0;
				GCC_PREPROCESSOR_DEFINITIONS = (
					"DEBUG=1",
					"$(inherited)",
				);
				GCC_WARN_64_TO_32_BIT_CONVERSION = YES;
				GCC_WARN_ABOUT_RETURN_TYPE = YES_ERROR;
				GCC_WARN_UNDECLARED_SELECTOR = YES;
				GCC_WARN_UNINITIALIZED_AUTOS = YES_AGGRESSIVE;
				GCC_WARN_UNUSED_FUNCTION = YES;
				GCC_WARN_UNUSED_VARIABLE = YES;
				MACOSX_DEPLOYMENT_TARGET = 11.6;
				MTL_ENABLE_DEBUG_INFO = INCLUDE_SOURCE;
				MTL_FAST_MATH = YES;
				ONLY_ACTIVE_ARCH = YES;
				SDKROOT = macosx;
				SWIFT_ACTIVE_COMPILATION_CONDITIONS = DEBUG;
				SWIFT_OPTIMIZATION_LEVEL = "-Onone";
			};
			name = Debug;
		};
		023D91FD275B34F1008A65DA /* Release */ = {
			isa = XCBuildConfiguration;
			buildSettings = {
				ALWAYS_SEARCH_USER_PATHS = NO;
				CLANG_ANALYZER_NONNULL = YES;
				CLANG_ANALYZER_NUMBER_OBJECT_CONVERSION = YES_AGGRESSIVE;
				CLANG_CXX_LANGUAGE_STANDARD = "gnu++17";
				CLANG_CXX_LIBRARY = "libc++";
				CLANG_ENABLE_MODULES = YES;
				CLANG_ENABLE_OBJC_ARC = YES;
				CLANG_ENABLE_OBJC_WEAK = YES;
				CLANG_WARN_BLOCK_CAPTURE_AUTORELEASING = YES;
				CLANG_WARN_BOOL_CONVERSION = YES;
				CLANG_WARN_COMMA = YES;
				CLANG_WARN_CONSTANT_CONVERSION = YES;
				CLANG_WARN_DEPRECATED_OBJC_IMPLEMENTATIONS = YES;
				CLANG_WARN_DIRECT_OBJC_ISA_USAGE = YES_ERROR;
				CLANG_WARN_DOCUMENTATION_COMMENTS = YES;
				CLANG_WARN_EMPTY_BODY = YES;
				CLANG_WARN_ENUM_CONVERSION = YES;
				CLANG_WARN_INFINITE_RECURSION = YES;
				CLANG_WARN_INT_CONVERSION = YES;
				CLANG_WARN_NON_LITERAL_NULL_CONVERSION = YES;
				CLANG_WARN_OBJC_IMPLICIT_RETAIN_SELF = YES;
				CLANG_WARN_OBJC_LITERAL_CONVERSION = YES;
				CLANG_WARN_OBJC_ROOT_CLASS = YES_ERROR;
				CLANG_WARN_QUOTED_INCLUDE_IN_FRAMEWORK_HEADER = YES;
				CLANG_WARN_RANGE_LOOP_ANALYSIS = YES;
				CLANG_WARN_STRICT_PROTOTYPES = YES;
				CLANG_WARN_SUSPICIOUS_MOVE = YES;
				CLANG_WARN_UNGUARDED_AVAILABILITY = YES_AGGRESSIVE;
				CLANG_WARN_UNREACHABLE_CODE = YES;
				CLANG_WARN__DUPLICATE_METHOD_MATCH = YES;
				COPY_PHASE_STRIP = NO;
				DEBUG_INFORMATION_FORMAT = "dwarf-with-dsym";
				ENABLE_NS_ASSERTIONS = NO;
				ENABLE_STRICT_OBJC_MSGSEND = YES;
				GCC_C_LANGUAGE_STANDARD = gnu11;
				GCC_NO_COMMON_BLOCKS = YES;
				GCC_WARN_64_TO_32_BIT_CONVERSION = YES;
				GCC_WARN_ABOUT_RETURN_TYPE = YES_ERROR;
				GCC_WARN_UNDECLARED_SELECTOR = YES;
				GCC_WARN_UNINITIALIZED_AUTOS = YES_AGGRESSIVE;
				GCC_WARN_UNUSED_FUNCTION = YES;
				GCC_WARN_UNUSED_VARIABLE = YES;
				MACOSX_DEPLOYMENT_TARGET = 11.6;
				MTL_ENABLE_DEBUG_INFO = NO;
				MTL_FAST_MATH = YES;
				SDKROOT = macosx;
				SWIFT_COMPILATION_MODE = wholemodule;
				SWIFT_OPTIMIZATION_LEVEL = "-O";
			};
			name = Release;
		};
		023D91FF275B34F1008A65DA /* Debug */ = {
			isa = XCBuildConfiguration;
			buildSettings = {
				CODE_SIGN_IDENTITY = "-";
				CODE_SIGN_STYLE = Automatic;
				PRODUCT_NAME = "$(TARGET_NAME)";
				SWIFT_VERSION = 5.0;
			};
			name = Debug;
		};
		023D9200275B34F1008A65DA /* Release */ = {
			isa = XCBuildConfiguration;
			buildSettings = {
				CODE_SIGN_IDENTITY = "-";
				CODE_SIGN_STYLE = Automatic;
				PRODUCT_NAME = "$(TARGET_NAME)";
				SWIFT_VERSION = 5.0;
			};
			name = Release;
		};
/* End XCBuildConfiguration section */

/* Begin XCConfigurationList section */
		023D91F2275B34F1008A65DA /* Build configuration list for PBXProject "Baekjoon" */ = {
			isa = XCConfigurationList;
			buildConfigurations = (
				023D91FC275B34F1008A65DA /* Debug */,
				023D91FD275B34F1008A65DA /* Release */,
			);
			defaultConfigurationIsVisible = 0;
			defaultConfigurationName = Release;
		};
		023D91FE275B34F1008A65DA /* Build configuration list for PBXNativeTarget "Baekjoon" */ = {
			isa = XCConfigurationList;
			buildConfigurations = (
				023D91FF275B34F1008A65DA /* Debug */,
				023D9200275B34F1008A65DA /* Release */,
			);
			defaultConfigurationIsVisible = 0;
			defaultConfigurationName = Release;
		};
/* End XCConfigurationList section */
	};
	rootObject = 023D91EF275B34F1008A65DA /* Project object */;
}
